// !$*UTF8*$!
{
	archiveVersion = 1;
	classes = {
	};
	objectVersion = 48;
	objects = {

/* Begin PBXBuildFile section */
		58423FB21F2081FC002D58FB /* AppDelegate.swift in Sources */ = {isa = PBXBuildFile; fileRef = 58423FB11F2081FC002D58FB /* AppDelegate.swift */; };
		58423FB41F2081FC002D58FB /* art.scnassets in Resources */ = {isa = PBXBuildFile; fileRef = 58423FB31F2081FC002D58FB /* art.scnassets */; };
		58423FB61F2081FC002D58FB /* ViewController.swift in Sources */ = {isa = PBXBuildFile; fileRef = 58423FB51F2081FC002D58FB /* ViewController.swift */; };
		58423FB91F2081FC002D58FB /* Main.storyboard in Resources */ = {isa = PBXBuildFile; fileRef = 58423FB71F2081FC002D58FB /* Main.storyboard */; };
		58423FBB1F2081FC002D58FB /* Assets.xcassets in Resources */ = {isa = PBXBuildFile; fileRef = 58423FBA1F2081FC002D58FB /* Assets.xcassets */; };
		58423FBE1F2081FC002D58FB /* LaunchScreen.storyboard in Resources */ = {isa = PBXBuildFile; fileRef = 58423FBC1F2081FC002D58FB /* LaunchScreen.storyboard */; };
/* End PBXBuildFile section */

/* Begin PBXFileReference section */
		58423FAE1F2081FC002D58FB /* ShapesAR.app */ = {isa = PBXFileReference; explicitFileType = wrapper.application; includeInIndex = 0; path = ShapesAR.app; sourceTree = BUILT_PRODUCTS_DIR; };
		58423FB11F2081FC002D58FB /* AppDelegate.swift */ = {isa = PBXFileReference; lastKnownFileType = sourcecode.swift; path = AppDelegate.swift; sourceTree = "<group>"; };
		58423FB31F2081FC002D58FB /* art.scnassets */ = {isa = PBXFileReference; lastKnownFileType = wrapper.scnassets; path = art.scnassets; sourceTree = "<group>"; };
		58423FB51F2081FC002D58FB /* ViewController.swift */ = {isa = PBXFileReference; lastKnownFileType = sourcecode.swift; path = ViewController.swift; sourceTree = "<group>"; };
		58423FB81F2081FC002D58FB /* Base */ = {isa = PBXFileReference; lastKnownFileType = file.storyboard; name = Base; path = Base.lproj/Main.storyboard; sourceTree = "<group>"; };
		58423FBA1F2081FC002D58FB /* Assets.xcassets */ = {isa = PBXFileReference; lastKnownFileType = folder.assetcatalog; path = Assets.xcassets; sourceTree = "<group>"; };
		58423FBD1F2081FC002D58FB /* Base */ = {isa = PBXFileReference; lastKnownFileType = file.storyboard; name = Base; path = Base.lproj/LaunchScreen.storyboard; sourceTree = "<group>"; };
		58423FBF1F2081FC002D58FB /* Info.plist */ = {isa = PBXFileReference; lastKnownFileType = text.plist.xml; path = Info.plist; sourceTree = "<group>"; };
/* End PBXFileReference section */

/* Begin PBXFrameworksBuildPhase section */
		58423FAB1F2081FC002D58FB /* Frameworks */ = {
			isa = PBXFrameworksBuildPhase;
			buildActionMask = 2147483647;
			files = (
			);
			runOnlyForDeploymentPostprocessing = 0;
		};
/* End PBXFrameworksBuildPhase section */

/* Begin PBXGroup section */
		58423FA51F2081FC002D58FB = {
			isa = PBXGroup;
			children = (
				58423FB01F2081FC002D58FB /* ShapesAR */,
				58423FAF1F2081FC002D58FB /* Products */,
			);
			sourceTree = "<group>";
		};
		58423FAF1F2081FC002D58FB /* Products */ = {
			isa = PBXGroup;
			children = (
				58423FAE1F2081FC002D58FB /* ShapesAR.app */,
			);
			name = Products;
			sourceTree = "<group>";
		};
		58423FB01F2081FC002D58FB /* ShapesAR */ = {
			isa = PBXGroup;
			children = (
				58423FB11F2081FC002D58FB /* AppDelegate.swift */,
				58423FB31F2081FC002D58FB /* art.scnassets */,
				58423FB51F2081FC002D58FB /* ViewController.swift */,
				58423FB71F2081FC002D58FB /* Main.storyboard */,
				58423FBA1F2081FC002D58FB /* Assets.xcassets */,
				58423FBC1F2081FC002D58FB /* LaunchScreen.storyboard */,
				58423FBF1F2081FC002D58FB /* Info.plist */,
			);
			path = ShapesAR;
			sourceTree = "<group>";
		};
/* End PBXGroup section */

/* Begin PBXNativeTarget section */
		58423FAD1F2081FC002D58FB /* ShapesAR */ = {
			isa = PBXNativeTarget;
			buildConfigurationList = 58423FC21F2081FC002D58FB /* Build configuration list for PBXNativeTarget "ShapesAR" */;
			buildPhases = (
				58423FAA1F2081FC002D58FB /* Sources */,
				58423FAB1F2081FC002D58FB /* Frameworks */,
				58423FAC1F2081FC002D58FB /* Resources */,
			);
			buildRules = (
			);
			dependencies = (
			);
			name = ShapesAR;
			productName = ShapesAR;
			productReference = 58423FAE1F2081FC002D58FB /* ShapesAR.app */;
			productType = "com.apple.product-type.application";
		};
/* End PBXNativeTarget section */

/* Begin PBXProject section */
		58423FA61F2081FC002D58FB /* Project object */ = {
			isa = PBXProject;
			attributes = {
				LastSwiftUpdateCheck = 0900;
				LastUpgradeCheck = 0900;
				ORGANIZATIONNAME = "Yersultan Sapar";
				TargetAttributes = {
					58423FAD1F2081FC002D58FB = {
						CreatedOnToolsVersion = 9.0;
					};
				};
			};
			buildConfigurationList = 58423FA91F2081FC002D58FB /* Build configuration list for PBXProject "ShapesAR" */;
			compatibilityVersion = "Xcode 8.0";
			developmentRegion = en;
			hasScannedForEncodings = 0;
			knownRegions = (
				en,
				Base,
			);
			mainGroup = 58423FA51F2081FC002D58FB;
			productRefGroup = 58423FAF1F2081FC002D58FB /* Products */;
			projectDirPath = "";
			projectRoot = "";
			targets = (
				58423FAD1F2081FC002D58FB /* ShapesAR */,
			);
		};
/* End PBXProject section */

/* Begin PBXResourcesBuildPhase section */
		58423FAC1F2081FC002D58FB /* Resources */ = {
			isa = PBXResourcesBuildPhase;
			buildActionMask = 2147483647;
			files = (
				58423FB41F2081FC002D58FB /* art.scnassets in Resources */,
				58423FBE1F2081FC002D58FB /* LaunchScreen.storyboard in Resources */,
				58423FBB1F2081FC002D58FB /* Assets.xcassets in Resources */,
				58423FB91F2081FC002D58FB /* Main.storyboard in Resources */,
			);
			runOnlyForDeploymentPostprocessing = 0;
		};
/* End PBXResourcesBuildPhase section */

/* Begin PBXSourcesBuildPhase section */
		58423FAA1F2081FC002D58FB /* Sources */ = {
			isa = PBXSourcesBuildPhase;
			buildActionMask = 2147483647;
			files = (
				58423FB61F2081FC002D58FB /* ViewController.swift in Sources */,
				58423FB21F2081FC002D58FB /* AppDelegate.swift in Sources */,
			);
			runOnlyForDeploymentPostprocessing = 0;
		};
/* End PBXSourcesBuildPhase section */

/* Begin PBXVariantGroup section */
		58423FB71F2081FC002D58FB /* Main.storyboard */ = {
			isa = PBXVariantGroup;
			children = (
				58423FB81F2081FC002D58FB /* Base */,
			);
			name = Main.storyboard;
			sourceTree = "<group>";
		};
		58423FBC1F2081FC002D58FB /* LaunchScreen.storyboard */ = {
			isa = PBXVariantGroup;
			children = (
				58423FBD1F2081FC002D58FB /* Base */,
			);
			name = LaunchScreen.storyboard;
			sourceTree = "<group>";
		};
/* End PBXVariantGroup section */

/* Begin XCBuildConfiguration section */
		58423FC01F2081FC002D58FB /* Debug */ = {
			isa = XCBuildConfiguration;
			buildSettings = {
				ALWAYS_SEARCH_USER_PATHS = NO;
				CLANG_ANALYZER_NONNULL = YES;
				CLANG_ANALYZER_NUMBER_OBJECT_CONVERSION = YES_AGGRESSIVE;
				CLANG_CXX_LANGUAGE_STANDARD = "gnu++14";
				CLANG_CXX_LIBRARY = "libc++";
				CLANG_ENABLE_MODULES = YES;
				CLANG_ENABLE_OBJC_ARC = YES;
				CLANG_WARN_BLOCK_CAPTURE_AUTORELEASING = YES;
				CLANG_WARN_BOOL_CONVERSION = YES;
				CLANG_WARN_COMMA = YES;
				CLANG_WARN_CONSTANT_CONVERSION = YES;
				CLANG_WARN_DIRECT_OBJC_ISA_USAGE = YES_ERROR;
				CLANG_WARN_DOCUMENTATION_COMMENTS = YES;
				CLANG_WARN_EMPTY_BODY = YES;
				CLANG_WARN_ENUM_CONVERSION = YES;
				CLANG_WARN_INFINITE_RECURSION = YES;
				CLANG_WARN_INT_CONVERSION = YES;
				CLANG_WARN_NON_LITERAL_NULL_CONVERSION = YES;
				CLANG_WARN_OBJC_LITERAL_CONVERSION = YES;
				CLANG_WARN_OBJC_ROOT_CLASS = YES_ERROR;
				CLANG_WARN_RANGE_LOOP_ANALYSIS = YES;
				CLANG_WARN_STRICT_PROTOTYPES = YES;
				CLANG_WARN_SUSPICIOUS_MOVE = YES;
				CLANG_WARN_UNGUARDED_AVAILABILITY = YES_AGGRESSIVE;
				CLANG_WARN_UNREACHABLE_CODE = YES;
				CLANG_WARN__DUPLICATE_METHOD_MATCH = YES;
				CODE_SIGN_IDENTITY = "iPhone Developer";
				COPY_PHASE_STRIP = NO;
				DEBUG_INFORMATION_FORMAT = dwarf;
				ENABLE_STRICT_OBJC_MSGSEND = YES;
				ENABLE_TESTABILITY = YES;
				GCC_C_LANGUAGE_STANDARD = gnu11;
				GCC_DYNAMIC_NO_PIC = NO;
				GCC_NO_COMMON_BLOCKS = YES;
				GCC_OPTIMIZATION_LEVEL = 0;
				GCC_PREPROCESSOR_DEFINITIONS = (
					"DEBUG=1",
					"$(inherited)",
				);
				GCC_WARN_64_TO_32_BIT_CONVERSION = YES;
				GCC_WARN_ABOUT_RETURN_TYPE = YES_ERROR;
				GCC_WARN_UNDECLARED_SELECTOR = YES;
				GCC_WARN_UNINITIALIZED_AUTOS = YES_AGGRESSIVE;
				GCC_WARN_UNUSED_FUNCTION = YES;
				GCC_WARN_UNUSED_VARIABLE = YES;
				IPHONEOS_DEPLOYMENT_TARGET = 11.0;
				MTL_ENABLE_DEBUG_INFO = YES;
				ONLY_ACTIVE_ARCH = YES;
				SDKROOT = iphoneos;
				SWIFT_ACTIVE_COMPILATION_CONDITIONS = DEBUG;
				SWIFT_OPTIMIZATION_LEVEL = "-Onone";
			};
			name = Debug;
		};
		58423FC11F2081FC002D58FB /* Release */ = {
			isa = XCBuildConfiguration;
			buildSettings = {
				ALWAYS_SEARCH_USER_PATHS = NO;
				CLANG_ANALYZER_NONNULL = YES;
				CLANG_ANALYZER_NUMBER_OBJECT_CONVERSION = YES_AGGRESSIVE;
				CLANG_CXX_LANGUAGE_STANDARD = "gnu++14";
				CLANG_CXX_LIBRARY = "libc++";
				CLANG_ENABLE_MODULES = YES;
				CLANG_ENABLE_OBJC_ARC = YES;
				CLANG_WARN_BLOCK_CAPTURE_AUTORELEASING = YES;
				CLANG_WARN_BOOL_CONVERSION = YES;
				CLANG_WARN_COMMA = YES;
				CLANG_WARN_CONSTANT_CONVERSION = YES;
				CLANG_WARN_DIRECT_OBJC_ISA_USAGE = YES_ERROR;
				CLANG_WARN_DOCUMENTATION_COMMENTS = YES;
				CLANG_WARN_EMPTY_BODY = YES;
				CLANG_WARN_ENUM_CONVERSION = YES;
				CLANG_WARN_INFINITE_RECURSION = YES;
				CLANG_WARN_INT_CONVERSION = YES;
				CLANG_WARN_NON_LITERAL_NULL_CONVERSION = YES;
				CLANG_WARN_OBJC_LITERAL_CONVERSION = YES;
				CLANG_WARN_OBJC_ROOT_CLASS = YES_ERROR;
				CLANG_WARN_RANGE_LOOP_ANALYSIS = YES;
				CLANG_WARN_STRICT_PROTOTYPES = YES;
				CLANG_WARN_SUSPICIOUS_MOVE = YES;
				CLANG_WARN_UNGUARDED_AVAILABILITY = YES_AGGRESSIVE;
				CLANG_WARN_UNREACHABLE_CODE = YES;
				CLANG_WARN__DUPLICATE_METHOD_MATCH = YES;
				CODE_SIGN_IDENTITY = "iPhone Developer";
				COPY_PHASE_STRIP = NO;
				DEBUG_INFORMATION_FORMAT = "dwarf-with-dsym";
				ENABLE_NS_ASSERTIONS = NO;
				ENABLE_STRICT_OBJC_MSGSEND = YES;
				GCC_C_LANGUAGE_STANDARD = gnu11;
				GCC_NO_COMMON_BLOCKS = YES;
				GCC_WARN_64_TO_32_BIT_CONVERSION = YES;
				GCC_WARN_ABOUT_RETURN_TYPE = YES_ERROR;
				GCC_WARN_UNDECLARED_SELECTOR = YES;
				GCC_WARN_UNINITIALIZED_AUTOS = YES_AGGRESSIVE;
				GCC_WARN_UNUSED_FUNCTION = YES;
				GCC_WARN_UNUSED_VARIABLE = YES;
				IPHONEOS_DEPLOYMENT_TARGET = 11.0;
				MTL_ENABLE_DEBUG_INFO = NO;
				SDKROOT = iphoneos;
				SWIFT_OPTIMIZATION_LEVEL = "-Owholemodule";
				VALIDATE_PRODUCT = YES;
			};
			name = Release;
		};
		58423FC31F2081FC002D58FB /* Debug */ = {
			isa = XCBuildConfiguration;
			buildSettings = {
				ASSETCATALOG_COMPILER_APPICON_NAME = AppIcon;
				DEVELOPMENT_TEAM = QXY436N5RJ;
				INFOPLIST_FILE = ShapesAR/Info.plist;
				LD_RUNPATH_SEARCH_PATHS = "$(inherited) @executable_path/Frameworks";
				PRODUCT_BUNDLE_IDENTIFIER = com.yersultan.ShapesAR;
				PRODUCT_NAME = "$(TARGET_NAME)";
				SWIFT_VERSION = 4.0;
				TARGETED_DEVICE_FAMILY = "1,2";
			};
			name = Debug;
		};
		58423FC41F2081FC002D58FB /* Release */ = {
			isa = XCBuildConfiguration;
			buildSettings = {
				ASSETCATALOG_COMPILER_APPICON_NAME = AppIcon;
				DEVELOPMENT_TEAM = QXY436N5RJ;
				INFOPLIST_FILE = ShapesAR/Info.plist;
				LD_RUNPATH_SEARCH_PATHS = "$(inherited) @executable_path/Frameworks";
				PRODUCT_BUNDLE_IDENTIFIER = com.yersultan.ShapesAR;
				PRODUCT_NAME = "$(TARGET_NAME)";
				SWIFT_VERSION = 4.0;
				TARGETED_DEVICE_FAMILY = "1,2";
			};
			name = Release;
		};
/* End XCBuildConfiguration section */

/* Begin XCConfigurationList section */
		58423FA91F2081FC002D58FB /* Build configuration list for PBXProject "ShapesAR" */ = {
			isa = XCConfigurationList;
			buildConfigurations = (
				58423FC01F2081FC002D58FB /* Debug */,
				58423FC11F2081FC002D58FB /* Release */,
			);
			defaultConfigurationIsVisible = 0;
			defaultConfigurationName = Release;
		};
		58423FC21F2081FC002D58FB /* Build configuration list for PBXNativeTarget "ShapesAR" */ = {
			isa = XCConfigurationList;
			buildConfigurations = (
				58423FC31F2081FC002D58FB /* Debug */,
				58423FC41F2081FC002D58FB /* Release */,
			);
			defaultConfigurationIsVisible = 0;
		};
/* End XCConfigurationList section */
	};
	rootObject = 58423FA61F2081FC002D58FB /* Project object */;
}
